
Microsoft Visual Studio Solution File, Format Version 12.00
# Visual Studio Version 16
VisualStudioVersion = 16.0.30517.126
MinimumVisualStudioVersion = 10.0.40219.1
Project("{FAE04EC0-301F-11D3-BF4B-00C04F79EFBC}") = "Samosvalllll", "Samosvalllll\Samosvalllll.csproj", "{B7ECC0C0-3725-4144-98AC-9F79E522CC69}"
EndProject
Global
	GlobalSection(SolutionConfigurationPlatforms) = preSolution
		Debug|Any CPU = Debug|Any CPU
		Release|Any CPU = Release|Any CPU
	EndGlobalSection
	GlobalSection(ProjectConfigurationPlatforms) = postSolution
		{B7ECC0C0-3725-4144-98AC-9F79E522CC69}.Debug|Any CPU.ActiveCfg = Debug|Any CPU
		{B7ECC0C0-3725-4144-98AC-9F79E522CC69}.Debug|Any CPU.Build.0 = Debug|Any CPU
		{B7ECC0C0-3725-4144-98AC-9F79E522CC69}.Release|Any CPU.ActiveCfg = Release|Any CPU
		{B7ECC0C0-3725-4144-98AC-9F79E522CC69}.Release|Any CPU.Build.0 = Release|Any CPU
	EndGlobalSection
	GlobalSection(SolutionProperties) = preSolution
		HideSolutionNode = FALSE
	EndGlobalSection
	GlobalSection(ExtensibilityGlobals) = postSolution
		SolutionGuid = {86685961-CB6A-46C2-95BC-F2C6A4604FF9}
	EndGlobalSection
EndGlobal
